
Microsoft Visual Studio Solution File, Format Version 12.00
# Visual Studio 14
VisualStudioVersion = 14.0.22823.1
MinimumVisualStudioVersion = 10.0.40219.1
Project("{FAE04EC0-301F-11D3-BF4B-00C04F79EFBC}") = "Wistaria.Core", "Wistaria.Core\Wistaria.Core.csproj", "{4A8F976D-C558-4215-B4A1-B330CEA5A7D4}"
EndProject
Project("{FAE04EC0-301F-11D3-BF4B-00C04F79EFBC}") = "Wistaria.Winsvr", "Wistaria.Winsvr\Wistaria.Winsvr.csproj", "{A90B5CE0-7889-43E2-944C-C173B5968D78}"
EndProject
Project("{00D1A9C2-B5F0-4AF3-8072-F6C62B433612}") = "Wistaria.SqlserverPlugin", "Wistaria.SqlserverPlugin\Wistaria.SqlserverPlugin.sqlproj", "{0EE0E34A-7748-4761-9C60-241996A151FC}"
EndProject
Global
	GlobalSection(SolutionConfigurationPlatforms) = preSolution
		Debug|Any CPU = Debug|Any CPU
		Release|Any CPU = Release|Any CPU
	EndGlobalSection
	GlobalSection(ProjectConfigurationPlatforms) = postSolution
		{4A8F976D-C558-4215-B4A1-B330CEA5A7D4}.Debug|Any CPU.ActiveCfg = Debug|Any CPU
		{4A8F976D-C558-4215-B4A1-B330CEA5A7D4}.Debug|Any CPU.Build.0 = Debug|Any CPU
		{4A8F976D-C558-4215-B4A1-B330CEA5A7D4}.Release|Any CPU.ActiveCfg = Release|Any CPU
		{4A8F976D-C558-4215-B4A1-B330CEA5A7D4}.Release|Any CPU.Build.0 = Release|Any CPU
		{A90B5CE0-7889-43E2-944C-C173B5968D78}.Debug|Any CPU.ActiveCfg = Debug|Any CPU
		{A90B5CE0-7889-43E2-944C-C173B5968D78}.Debug|Any CPU.Build.0 = Debug|Any CPU
		{A90B5CE0-7889-43E2-944C-C173B5968D78}.Release|Any CPU.ActiveCfg = Release|Any CPU
		{A90B5CE0-7889-43E2-944C-C173B5968D78}.Release|Any CPU.Build.0 = Release|Any CPU
		{0EE0E34A-7748-4761-9C60-241996A151FC}.Debug|Any CPU.ActiveCfg = Debug|Any CPU
		{0EE0E34A-7748-4761-9C60-241996A151FC}.Debug|Any CPU.Build.0 = Debug|Any CPU
		{0EE0E34A-7748-4761-9C60-241996A151FC}.Debug|Any CPU.Deploy.0 = Debug|Any CPU
		{0EE0E34A-7748-4761-9C60-241996A151FC}.Release|Any CPU.ActiveCfg = Release|Any CPU
		{0EE0E34A-7748-4761-9C60-241996A151FC}.Release|Any CPU.Build.0 = Release|Any CPU
		{0EE0E34A-7748-4761-9C60-241996A151FC}.Release|Any CPU.Deploy.0 = Release|Any CPU
	EndGlobalSection
	GlobalSection(SolutionProperties) = preSolution
		HideSolutionNode = FALSE
	EndGlobalSection
EndGlobal
